
Microsoft Visual Studio Solution File, Format Version 12.00
# Visual Studio Version 17
VisualStudioVersion = 17.12.35527.113
MinimumVisualStudioVersion = 10.0.40219.1
Project("{FAE04EC0-301F-11D3-BF4B-00C04F79EFBC}") = "GetRecordUsingName", "TurfBookingSystem\GetRecordUsingName.csproj", "{FB187A22-4A83-4BEF-A877-B5920D460F0D}"
EndProject
Global
	GlobalSection(SolutionConfigurationPlatforms) = preSolution
		Debug|Any CPU = Debug|Any CPU
		Release|Any CPU = Release|Any CPU
	EndGlobalSection
	GlobalSection(ProjectConfigurationPlatforms) = postSolution
		{FB187A22-4A83-4BEF-A877-B5920D460F0D}.Debug|Any CPU.ActiveCfg = Debug|Any CPU
		{FB187A22-4A83-4BEF-A877-B5920D460F0D}.Debug|Any CPU.Build.0 = Debug|Any CPU
		{FB187A22-4A83-4BEF-A877-B5920D460F0D}.Release|Any CPU.ActiveCfg = Release|Any CPU
		{FB187A22-4A83-4BEF-A877-B5920D460F0D}.Release|Any CPU.Build.0 = Release|Any CPU
	EndGlobalSection
	GlobalSection(SolutionProperties) = preSolution
		HideSolutionNode = FALSE
	EndGlobalSection
EndGlobal
